
Microsoft Visual Studio Solution File, Format Version 12.00
# Visual Studio Version 16
VisualStudioVersion = 16.0.29025.244
MinimumVisualStudioVersion = 10.0.40219.1
Project("{9A19103F-16F7-4668-BE54-9A1E7A4F7556}") = "NewAppMVC", "NewAppMVC\NewAppMVC.csproj", "{D354687B-C623-4E94-9546-951F307FA3FE}"
EndProject
Project("{9A19103F-16F7-4668-BE54-9A1E7A4F7556}") = "BussinesLayer", "BussinesLayer\BussinesLayer.csproj", "{8B1CF278-236E-45B5-B561-C197482236B8}"
EndProject
Project("{9A19103F-16F7-4668-BE54-9A1E7A4F7556}") = "DataLayer", "DataLayer\DataLayer.csproj", "{C7312C5E-8627-4777-8EFA-6F98F91CAB03}"
EndProject
Project("{9A19103F-16F7-4668-BE54-9A1E7A4F7556}") = "PresentationLayer", "PresentationLayer\PresentationLayer.csproj", "{EA437CE4-29DD-4333-A964-3754C69899C6}"
EndProject
Global
	GlobalSection(SolutionConfigurationPlatforms) = preSolution
		Debug|Any CPU = Debug|Any CPU
		Release|Any CPU = Release|Any CPU
	EndGlobalSection
	GlobalSection(ProjectConfigurationPlatforms) = postSolution
		{D354687B-C623-4E94-9546-951F307FA3FE}.Debug|Any CPU.ActiveCfg = Debug|Any CPU
		{D354687B-C623-4E94-9546-951F307FA3FE}.Debug|Any CPU.Build.0 = Debug|Any CPU
		{D354687B-C623-4E94-9546-951F307FA3FE}.Release|Any CPU.ActiveCfg = Release|Any CPU
		{D354687B-C623-4E94-9546-951F307FA3FE}.Release|Any CPU.Build.0 = Release|Any CPU
		{8B1CF278-236E-45B5-B561-C197482236B8}.Debug|Any CPU.ActiveCfg = Debug|Any CPU
		{8B1CF278-236E-45B5-B561-C197482236B8}.Debug|Any CPU.Build.0 = Debug|Any CPU
		{8B1CF278-236E-45B5-B561-C197482236B8}.Release|Any CPU.ActiveCfg = Release|Any CPU
		{8B1CF278-236E-45B5-B561-C197482236B8}.Release|Any CPU.Build.0 = Release|Any CPU
		{C7312C5E-8627-4777-8EFA-6F98F91CAB03}.Debug|Any CPU.ActiveCfg = Debug|Any CPU
		{C7312C5E-8627-4777-8EFA-6F98F91CAB03}.Debug|Any CPU.Build.0 = Debug|Any CPU
		{C7312C5E-8627-4777-8EFA-6F98F91CAB03}.Release|Any CPU.ActiveCfg = Release|Any CPU
		{C7312C5E-8627-4777-8EFA-6F98F91CAB03}.Release|Any CPU.Build.0 = Release|Any CPU
		{EA437CE4-29DD-4333-A964-3754C69899C6}.Debug|Any CPU.ActiveCfg = Debug|Any CPU
		{EA437CE4-29DD-4333-A964-3754C69899C6}.Debug|Any CPU.Build.0 = Debug|Any CPU
		{EA437CE4-29DD-4333-A964-3754C69899C6}.Release|Any CPU.ActiveCfg = Release|Any CPU
		{EA437CE4-29DD-4333-A964-3754C69899C6}.Release|Any CPU.Build.0 = Release|Any CPU
	EndGlobalSection
	GlobalSection(SolutionProperties) = preSolution
		HideSolutionNode = FALSE
	EndGlobalSection
	GlobalSection(ExtensibilityGlobals) = postSolution
		SolutionGuid = {52CDCE84-CE62-4288-A146-C53C042312FE}
	EndGlobalSection
EndGlobal
